// !$*UTF8*$!
{
	archiveVersion = 1;
	classes = {
	};
	objectVersion = 50;
	objects = {

/* Begin PBXBuildFile section */
		7555498E23A692CF00FADA0F /* AppDelegate.swift in Sources */ = {isa = PBXBuildFile; fileRef = 7555498D23A692CF00FADA0F /* AppDelegate.swift */; };
		7555499023A692CF00FADA0F /* SceneDelegate.swift in Sources */ = {isa = PBXBuildFile; fileRef = 7555498F23A692CF00FADA0F /* SceneDelegate.swift */; };
		7555499223A692CF00FADA0F /* ViewController.swift in Sources */ = {isa = PBXBuildFile; fileRef = 7555499123A692CF00FADA0F /* ViewController.swift */; };
		7555499523A692CF00FADA0F /* Main.storyboard in Resources */ = {isa = PBXBuildFile; fileRef = 7555499323A692CF00FADA0F /* Main.storyboard */; };
		7555499723A692D000FADA0F /* Assets.xcassets in Resources */ = {isa = PBXBuildFile; fileRef = 7555499623A692D000FADA0F /* Assets.xcassets */; };
		7555499A23A692D000FADA0F /* LaunchScreen.storyboard in Resources */ = {isa = PBXBuildFile; fileRef = 7555499823A692D000FADA0F /* LaunchScreen.storyboard */; };
		755549A523A692D000FADA0F /* tipCalculatorTests.swift in Sources */ = {isa = PBXBuildFile; fileRef = 755549A423A692D000FADA0F /* tipCalculatorTests.swift */; };
		755549B023A692D000FADA0F /* tipCalculatorUITests.swift in Sources */ = {isa = PBXBuildFile; fileRef = 755549AF23A692D000FADA0F /* tipCalculatorUITests.swift */; };
/* End PBXBuildFile section */

/* Begin PBXContainerItemProxy section */
		755549A123A692D000FADA0F /* PBXContainerItemProxy */ = {
			isa = PBXContainerItemProxy;
			containerPortal = 7555498223A692CF00FADA0F /* Project object */;
			proxyType = 1;
			remoteGlobalIDString = 7555498923A692CF00FADA0F;
			remoteInfo = tipCalculator;
		};
		755549AC23A692D000FADA0F /* PBXContainerItemProxy */ = {
			isa = PBXContainerItemProxy;
			containerPortal = 7555498223A692CF00FADA0F /* Project object */;
			proxyType = 1;
			remoteGlobalIDString = 7555498923A692CF00FADA0F;
			remoteInfo = tipCalculator;
		};
/* End PBXContainerItemProxy section */

/* Begin PBXFileReference section */
		7555498A23A692CF00FADA0F /* tipCalculator.app */ = {isa = PBXFileReference; explicitFileType = wrapper.application; includeInIndex = 0; path = tipCalculator.app; sourceTree = BUILT_PRODUCTS_DIR; };
		7555498D23A692CF00FADA0F /* AppDelegate.swift */ = {isa = PBXFileReference; lastKnownFileType = sourcecode.swift; path = AppDelegate.swift; sourceTree = "<group>"; };
		7555498F23A692CF00FADA0F /* SceneDelegate.swift */ = {isa = PBXFileReference; lastKnownFileType = sourcecode.swift; path = SceneDelegate.swift; sourceTree = "<group>"; };
		7555499123A692CF00FADA0F /* ViewController.swift */ = {isa = PBXFileReference; lastKnownFileType = sourcecode.swift; path = ViewController.swift; sourceTree = "<group>"; };
		7555499423A692CF00FADA0F /* Base */ = {isa = PBXFileReference; lastKnownFileType = file.storyboard; name = Base; path = Base.lproj/Main.storyboard; sourceTree = "<group>"; };
		7555499623A692D000FADA0F /* Assets.xcassets */ = {isa = PBXFileReference; lastKnownFileType = folder.assetcatalog; path = Assets.xcassets; sourceTree = "<group>"; };
		7555499923A692D000FADA0F /* Base */ = {isa = PBXFileReference; lastKnownFileType = file.storyboard; name = Base; path = Base.lproj/LaunchScreen.storyboard; sourceTree = "<group>"; };
		7555499B23A692D000FADA0F /* Info.plist */ = {isa = PBXFileReference; lastKnownFileType = text.plist.xml; path = Info.plist; sourceTree = "<group>"; };
		755549A023A692D000FADA0F /* tipCalculatorTests.xctest */ = {isa = PBXFileReference; explicitFileType = wrapper.cfbundle; includeInIndex = 0; path = tipCalculatorTests.xctest; sourceTree = BUILT_PRODUCTS_DIR; };
		755549A423A692D000FADA0F /* tipCalculatorTests.swift */ = {isa = PBXFileReference; lastKnownFileType = sourcecode.swift; path = tipCalculatorTests.swift; sourceTree = "<group>"; };
		755549A623A692D000FADA0F /* Info.plist */ = {isa = PBXFileReference; lastKnownFileType = text.plist.xml; path = Info.plist; sourceTree = "<group>"; };
		755549AB23A692D000FADA0F /* tipCalculatorUITests.xctest */ = {isa = PBXFileReference; explicitFileType = wrapper.cfbundle; includeInIndex = 0; path = tipCalculatorUITests.xctest; sourceTree = BUILT_PRODUCTS_DIR; };
		755549AF23A692D000FADA0F /* tipCalculatorUITests.swift */ = {isa = PBXFileReference; lastKnownFileType = sourcecode.swift; path = tipCalculatorUITests.swift; sourceTree = "<group>"; };
		755549B123A692D000FADA0F /* Info.plist */ = {isa = PBXFileReference; lastKnownFileType = text.plist.xml; path = Info.plist; sourceTree = "<group>"; };
/* End PBXFileReference section */

/* Begin PBXFrameworksBuildPhase section */
		7555498723A692CF00FADA0F /* Frameworks */ = {
			isa = PBXFrameworksBuildPhase;
			buildActionMask = 2147483647;
			files = (
			);
			runOnlyForDeploymentPostprocessing = 0;
		};
		7555499D23A692D000FADA0F /* Frameworks */ = {
			isa = PBXFrameworksBuildPhase;
			buildActionMask = 2147483647;
			files = (
			);
			runOnlyForDeploymentPostprocessing = 0;
		};
		755549A823A692D000FADA0F /* Frameworks */ = {
			isa = PBXFrameworksBuildPhase;
			buildActionMask = 2147483647;
			files = (
			);
			runOnlyForDeploymentPostprocessing = 0;
		};
/* End PBXFrameworksBuildPhase section */

/* Begin PBXGroup section */
		7555498123A692CF00FADA0F = {
			isa = PBXGroup;
			children = (
				7555498C23A692CF00FADA0F /* tipCalculator */,
				755549A323A692D000FADA0F /* tipCalculatorTests */,
				755549AE23A692D000FADA0F /* tipCalculatorUITests */,
				7555498B23A692CF00FADA0F /* Products */,
			);
			sourceTree = "<group>";
		};
		7555498B23A692CF00FADA0F /* Products */ = {
			isa = PBXGroup;
			children = (
				7555498A23A692CF00FADA0F /* tipCalculator.app */,
				755549A023A692D000FADA0F /* tipCalculatorTests.xctest */,
				755549AB23A692D000FADA0F /* tipCalculatorUITests.xctest */,
			);
			name = Products;
			sourceTree = "<group>";
		};
		7555498C23A692CF00FADA0F /* tipCalculator */ = {
			isa = PBXGroup;
			children = (
				7555498D23A692CF00FADA0F /* AppDelegate.swift */,
				7555498F23A692CF00FADA0F /* SceneDelegate.swift */,
				7555499123A692CF00FADA0F /* ViewController.swift */,
				7555499323A692CF00FADA0F /* Main.storyboard */,
				7555499623A692D000FADA0F /* Assets.xcassets */,
				7555499823A692D000FADA0F /* LaunchScreen.storyboard */,
				7555499B23A692D000FADA0F /* Info.plist */,
			);
			path = tipCalculator;
			sourceTree = "<group>";
		};
		755549A323A692D000FADA0F /* tipCalculatorTests */ = {
			isa = PBXGroup;
			children = (
				755549A423A692D000FADA0F /* tipCalculatorTests.swift */,
				755549A623A692D000FADA0F /* Info.plist */,
			);
			path = tipCalculatorTests;
			sourceTree = "<group>";
		};
		755549AE23A692D000FADA0F /* tipCalculatorUITests */ = {
			isa = PBXGroup;
			children = (
				755549AF23A692D000FADA0F /* tipCalculatorUITests.swift */,
				755549B123A692D000FADA0F /* Info.plist */,
			);
			path = tipCalculatorUITests;
			sourceTree = "<group>";
		};
/* End PBXGroup section */

/* Begin PBXNativeTarget section */
		7555498923A692CF00FADA0F /* tipCalculator */ = {
			isa = PBXNativeTarget;
			buildConfigurationList = 755549B423A692D000FADA0F /* Build configuration list for PBXNativeTarget "tipCalculator" */;
			buildPhases = (
				7555498623A692CF00FADA0F /* Sources */,
				7555498723A692CF00FADA0F /* Frameworks */,
				7555498823A692CF00FADA0F /* Resources */,
			);
			buildRules = (
			);
			dependencies = (
			);
			name = tipCalculator;
			productName = tipCalculator;
			productReference = 7555498A23A692CF00FADA0F /* tipCalculator.app */;
			productType = "com.apple.product-type.application";
		};
		7555499F23A692D000FADA0F /* tipCalculatorTests */ = {
			isa = PBXNativeTarget;
			buildConfigurationList = 755549B723A692D000FADA0F /* Build configuration list for PBXNativeTarget "tipCalculatorTests" */;
			buildPhases = (
				7555499C23A692D000FADA0F /* Sources */,
				7555499D23A692D000FADA0F /* Frameworks */,
				7555499E23A692D000FADA0F /* Resources */,
			);
			buildRules = (
			);
			dependencies = (
				755549A223A692D000FADA0F /* PBXTargetDependency */,
			);
			name = tipCalculatorTests;
			productName = tipCalculatorTests;
			productReference = 755549A023A692D000FADA0F /* tipCalculatorTests.xctest */;
			productType = "com.apple.product-type.bundle.unit-test";
		};
		755549AA23A692D000FADA0F /* tipCalculatorUITests */ = {
			isa = PBXNativeTarget;
			buildConfigurationList = 755549BA23A692D000FADA0F /* Build configuration list for PBXNativeTarget "tipCalculatorUITests" */;
			buildPhases = (
				755549A723A692D000FADA0F /* Sources */,
				755549A823A692D000FADA0F /* Frameworks */,
				755549A923A692D000FADA0F /* Resources */,
			);
			buildRules = (
			);
			dependencies = (
				755549AD23A692D000FADA0F /* PBXTargetDependency */,
			);
			name = tipCalculatorUITests;
			productName = tipCalculatorUITests;
			productReference = 755549AB23A692D000FADA0F /* tipCalculatorUITests.xctest */;
			productType = "com.apple.product-type.bundle.ui-testing";
		};
/* End PBXNativeTarget section */

/* Begin PBXProject section */
		7555498223A692CF00FADA0F /* Project object */ = {
			isa = PBXProject;
			attributes = {
				LastSwiftUpdateCheck = 1100;
				LastUpgradeCheck = 1100;
				ORGANIZATIONNAME = "Ashish Patel";
				TargetAttributes = {
					7555498923A692CF00FADA0F = {
						CreatedOnToolsVersion = 11.0;
					};
					7555499F23A692D000FADA0F = {
						CreatedOnToolsVersion = 11.0;
						TestTargetID = 7555498923A692CF00FADA0F;
					};
					755549AA23A692D000FADA0F = {
						CreatedOnToolsVersion = 11.0;
						TestTargetID = 7555498923A692CF00FADA0F;
					};
				};
			};
			buildConfigurationList = 7555498523A692CF00FADA0F /* Build configuration list for PBXProject "tipCalculator" */;
			compatibilityVersion = "Xcode 9.3";
			developmentRegion = en;
			hasScannedForEncodings = 0;
			knownRegions = (
				en,
				Base,
			);
			mainGroup = 7555498123A692CF00FADA0F;
			productRefGroup = 7555498B23A692CF00FADA0F /* Products */;
			projectDirPath = "";
			projectRoot = "";
			targets = (
				7555498923A692CF00FADA0F /* tipCalculator */,
				7555499F23A692D000FADA0F /* tipCalculatorTests */,
				755549AA23A692D000FADA0F /* tipCalculatorUITests */,
			);
		};
/* End PBXProject section */

/* Begin PBXResourcesBuildPhase section */
		7555498823A692CF00FADA0F /* Resources */ = {
			isa = PBXResourcesBuildPhase;
			buildActionMask = 2147483647;
			files = (
				7555499A23A692D000FADA0F /* LaunchScreen.storyboard in Resources */,
				7555499723A692D000FADA0F /* Assets.xcassets in Resources */,
				7555499523A692CF00FADA0F /* Main.storyboard in Resources */,
			);
			runOnlyForDeploymentPostprocessing = 0;
		};
		7555499E23A692D000FADA0F /* Resources */ = {
			isa = PBXResourcesBuildPhase;
			buildActionMask = 2147483647;
			files = (
			);
			runOnlyForDeploymentPostprocessing = 0;
		};
		755549A923A692D000FADA0F /* Resources */ = {
			isa = PBXResourcesBuildPhase;
			buildActionMask = 2147483647;
			files = (
			);
			runOnlyForDeploymentPostprocessing = 0;
		};
/* End PBXResourcesBuildPhase section */

/* Begin PBXSourcesBuildPhase section */
		7555498623A692CF00FADA0F /* Sources */ = {
			isa = PBXSourcesBuildPhase;
			buildActionMask = 2147483647;
			files = (
				7555499223A692CF00FADA0F /* ViewController.swift in Sources */,
				7555498E23A692CF00FADA0F /* AppDelegate.swift in Sources */,
				7555499023A692CF00FADA0F /* SceneDelegate.swift in Sources */,
			);
			runOnlyForDeploymentPostprocessing = 0;
		};
		7555499C23A692D000FADA0F /* Sources */ = {
			isa = PBXSourcesBuildPhase;
			buildActionMask = 2147483647;
			files = (
				755549A523A692D000FADA0F /* tipCalculatorTests.swift in Sources */,
			);
			runOnlyForDeploymentPostprocessing = 0;
		};
		755549A723A692D000FADA0F /* Sources */ = {
			isa = PBXSourcesBuildPhase;
			buildActionMask = 2147483647;
			files = (
				755549B023A692D000FADA0F /* tipCalculatorUITests.swift in Sources */,
			);
			runOnlyForDeploymentPostprocessing = 0;
		};
/* End PBXSourcesBuildPhase section */

/* Begin PBXTargetDependency section */
		755549A223A692D000FADA0F /* PBXTargetDependency */ = {
			isa = PBXTargetDependency;
			target = 7555498923A692CF00FADA0F /* tipCalculator */;
			targetProxy = 755549A123A692D000FADA0F /* PBXContainerItemProxy */;
		};
		755549AD23A692D000FADA0F /* PBXTargetDependency */ = {
			isa = PBXTargetDependency;
			target = 7555498923A692CF00FADA0F /* tipCalculator */;
			targetProxy = 755549AC23A692D000FADA0F /* PBXContainerItemProxy */;
		};
/* End PBXTargetDependency section */

/* Begin PBXVariantGroup section */
		7555499323A692CF00FADA0F /* Main.storyboard */ = {
			isa = PBXVariantGroup;
			children = (
				7555499423A692CF00FADA0F /* Base */,
			);
			name = Main.storyboard;
			sourceTree = "<group>";
		};
		7555499823A692D000FADA0F /* LaunchScreen.storyboard */ = {
			isa = PBXVariantGroup;
			children = (
				7555499923A692D000FADA0F /* Base */,
			);
			name = LaunchScreen.storyboard;
			sourceTree = "<group>";
		};
/* End PBXVariantGroup section */

/* Begin XCBuildConfiguration section */
		755549B223A692D000FADA0F /* Debug */ = {
			isa = XCBuildConfiguration;
			buildSettings = {
				ALWAYS_SEARCH_USER_PATHS = NO;
				CLANG_ANALYZER_NONNULL = YES;
				CLANG_ANALYZER_NUMBER_OBJECT_CONVERSION = YES_AGGRESSIVE;
				CLANG_CXX_LANGUAGE_STANDARD = "gnu++14";
				CLANG_CXX_LIBRARY = "libc++";
				CLANG_ENABLE_MODULES = YES;
				CLANG_ENABLE_OBJC_ARC = YES;
				CLANG_ENABLE_OBJC_WEAK = YES;
				CLANG_WARN_BLOCK_CAPTURE_AUTORELEASING = YES;
				CLANG_WARN_BOOL_CONVERSION = YES;
				CLANG_WARN_COMMA = YES;
				CLANG_WARN_CONSTANT_CONVERSION = YES;
				CLANG_WARN_DEPRECATED_OBJC_IMPLEMENTATIONS = YES;
				CLANG_WARN_DIRECT_OBJC_ISA_USAGE = YES_ERROR;
				CLANG_WARN_DOCUMENTATION_COMMENTS = YES;
				CLANG_WARN_EMPTY_BODY = YES;
				CLANG_WARN_ENUM_CONVERSION = YES;
				CLANG_WARN_INFINITE_RECURSION = YES;
				CLANG_WARN_INT_CONVERSION = YES;
				CLANG_WARN_NON_LITERAL_NULL_CONVERSION = YES;
				CLANG_WARN_OBJC_IMPLICIT_RETAIN_SELF = YES;
				CLANG_WARN_OBJC_LITERAL_CONVERSION = YES;
				CLANG_WARN_OBJC_ROOT_CLASS = YES_ERROR;
				CLANG_WARN_RANGE_LOOP_ANALYSIS = YES;
				CLANG_WARN_STRICT_PROTOTYPES = YES;
				CLANG_WARN_SUSPICIOUS_MOVE = YES;
				CLANG_WARN_UNGUARDED_AVAILABILITY = YES_AGGRESSIVE;
				CLANG_WARN_UNREACHABLE_CODE = YES;
				CLANG_WARN__DUPLICATE_METHOD_MATCH = YES;
				COPY_PHASE_STRIP = NO;
				DEBUG_INFORMATION_FORMAT = dwarf;
				ENABLE_STRICT_OBJC_MSGSEND = YES;
				ENABLE_TESTABILITY = YES;
				GCC_C_LANGUAGE_STANDARD = gnu11;
				GCC_DYNAMIC_NO_PIC = NO;
				GCC_NO_COMMON_BLOCKS = YES;
				GCC_OPTIMIZATION_LEVEL = 0;
				GCC_PREPROCESSOR_DEFINITIONS = (
					"DEBUG=1",
					"$(inherited)",
				);
				GCC_WARN_64_TO_32_BIT_CONVERSION = YES;
				GCC_WARN_ABOUT_RETURN_TYPE = YES_ERROR;
				GCC_WARN_UNDECLARED_SELECTOR = YES;
				GCC_WARN_UNINITIALIZED_AUTOS = YES_AGGRESSIVE;
				GCC_WARN_UNUSED_FUNCTION = YES;
				GCC_WARN_UNUSED_VARIABLE = YES;
				IPHONEOS_DEPLOYMENT_TARGET = 13.0;
				MTL_ENABLE_DEBUG_INFO = INCLUDE_SOURCE;
				MTL_FAST_MATH = YES;
				ONLY_ACTIVE_ARCH = YES;
				SDKROOT = iphoneos;
				SWIFT_ACTIVE_COMPILATION_CONDITIONS = DEBUG;
				SWIFT_OPTIMIZATION_LEVEL = "-Onone";
			};
			name = Debug;
		};
		755549B323A692D000FADA0F /* Release */ = {
			isa = XCBuildConfiguration;
			buildSettings = {
				ALWAYS_SEARCH_USER_PATHS = NO;
				CLANG_ANALYZER_NONNULL = YES;
				CLANG_ANALYZER_NUMBER_OBJECT_CONVERSION = YES_AGGRESSIVE;
				CLANG_CXX_LANGUAGE_STANDARD = "gnu++14";
				CLANG_CXX_LIBRARY = "libc++";
				CLANG_ENABLE_MODULES = YES;
				CLANG_ENABLE_OBJC_ARC = YES;
				CLANG_ENABLE_OBJC_WEAK = YES;
				CLANG_WARN_BLOCK_CAPTURE_AUTORELEASING = YES;
				CLANG_WARN_BOOL_CONVERSION = YES;
				CLANG_WARN_COMMA = YES;
				CLANG_WARN_CONSTANT_CONVERSION = YES;
				CLANG_WARN_DEPRECATED_OBJC_IMPLEMENTATIONS = YES;
				CLANG_WARN_DIRECT_OBJC_ISA_USAGE = YES_ERROR;
				CLANG_WARN_DOCUMENTATION_COMMENTS = YES;
				CLANG_WARN_EMPTY_BODY = YES;
				CLANG_WARN_ENUM_CONVERSION = YES;
				CLANG_WARN_INFINITE_RECURSION = YES;
				CLANG_WARN_INT_CONVERSION = YES;
				CLANG_WARN_NON_LITERAL_NULL_CONVERSION = YES;
				CLANG_WARN_OBJC_IMPLICIT_RETAIN_SELF = YES;
				CLANG_WARN_OBJC_LITERAL_CONVERSION = YES;
				CLANG_WARN_OBJC_ROOT_CLASS = YES_ERROR;
				CLANG_WARN_RANGE_LOOP_ANALYSIS = YES;
				CLANG_WARN_STRICT_PROTOTYPES = YES;
				CLANG_WARN_SUSPICIOUS_MOVE = YES;
				CLANG_WARN_UNGUARDED_AVAILABILITY = YES_AGGRESSIVE;
				CLANG_WARN_UNREACHABLE_CODE = YES;
				CLANG_WARN__DUPLICATE_METHOD_MATCH = YES;
				COPY_PHASE_STRIP = NO;
				DEBUG_INFORMATION_FORMAT = "dwarf-with-dsym";
				ENABLE_NS_ASSERTIONS = NO;
				ENABLE_STRICT_OBJC_MSGSEND = YES;
				GCC_C_LANGUAGE_STANDARD = gnu11;
				GCC_NO_COMMON_BLOCKS = YES;
				GCC_WARN_64_TO_32_BIT_CONVERSION = YES;
				GCC_WARN_ABOUT_RETURN_TYPE = YES_ERROR;
				GCC_WARN_UNDECLARED_SELECTOR = YES;
				GCC_WARN_UNINITIALIZED_AUTOS = YES_AGGRESSIVE;
				GCC_WARN_UNUSED_FUNCTION = YES;
				GCC_WARN_UNUSED_VARIABLE = YES;
				IPHONEOS_DEPLOYMENT_TARGET = 13.0;
				MTL_ENABLE_DEBUG_INFO = NO;
				MTL_FAST_MATH = YES;
				SDKROOT = iphoneos;
				SWIFT_COMPILATION_MODE = wholemodule;
				SWIFT_OPTIMIZATION_LEVEL = "-O";
				VALIDATE_PRODUCT = YES;
			};
			name = Release;
		};
		755549B523A692D000FADA0F /* Debug */ = {
			isa = XCBuildConfiguration;
			buildSettings = {
				ASSETCATALOG_COMPILER_APPICON_NAME = AppIcon;
				CODE_SIGN_STYLE = Automatic;
				DEVELOPMENT_TEAM = MJ4DG97VKH;
				INFOPLIST_FILE = tipCalculator/Info.plist;
				LD_RUNPATH_SEARCH_PATHS = (
					"$(inherited)",
					"@executable_path/Frameworks",
				);
				PRODUCT_BUNDLE_IDENTIFIER = test.tipCalculator;
				PRODUCT_NAME = "$(TARGET_NAME)";
				SWIFT_VERSION = 5.0;
				TARGETED_DEVICE_FAMILY = "1,2";
			};
			name = Debug;
		};
		755549B623A692D000FADA0F /* Release */ = {
			isa = XCBuildConfiguration;
			buildSettings = {
				ASSETCATALOG_COMPILER_APPICON_NAME = AppIcon;
				CODE_SIGN_STYLE = Automatic;
				DEVELOPMENT_TEAM = MJ4DG97VKH;
				INFOPLIST_FILE = tipCalculator/Info.plist;
				LD_RUNPATH_SEARCH_PATHS = (
					"$(inherited)",
					"@executable_path/Frameworks",
				);
				PRODUCT_BUNDLE_IDENTIFIER = test.tipCalculator;
				PRODUCT_NAME = "$(TARGET_NAME)";
				SWIFT_VERSION = 5.0;
				TARGETED_DEVICE_FAMILY = "1,2";
			};
			name = Release;
		};
		755549B823A692D000FADA0F /* Debug */ = {
			isa = XCBuildConfiguration;
			buildSettings = {
				ALWAYS_EMBED_SWIFT_STANDARD_LIBRARIES = YES;
				BUNDLE_LOADER = "$(TEST_HOST)";
				CODE_SIGN_STYLE = Automatic;
				DEVELOPMENT_TEAM = MJ4DG97VKH;
				INFOPLIST_FILE = tipCalculatorTests/Info.plist;
				LD_RUNPATH_SEARCH_PATHS = (
					"$(inherited)",
					"@executable_path/Frameworks",
					"@loader_path/Frameworks",
				);
				PRODUCT_BUNDLE_IDENTIFIER = test.tipCalculatorTests;
				PRODUCT_NAME = "$(TARGET_NAME)";
				SWIFT_VERSION = 5.0;
				TARGETED_DEVICE_FAMILY = "1,2";
				TEST_HOST = "$(BUILT_PRODUCTS_DIR)/tipCalculator.app/tipCalculator";
			};
			name = Debug;
		};
		755549B923A692D000FADA0F /* Release */ = {
			isa = XCBuildConfiguration;
			buildSettings = {
				ALWAYS_EMBED_SWIFT_STANDARD_LIBRARIES = YES;
				BUNDLE_LOADER = "$(TEST_HOST)";
				CODE_SIGN_STYLE = Automatic;
				DEVELOPMENT_TEAM = MJ4DG97VKH;
				INFOPLIST_FILE = tipCalculatorTests/Info.plist;
				LD_RUNPATH_SEARCH_PATHS = (
					"$(inherited)",
					"@executable_path/Frameworks",
					"@loader_path/Frameworks",
				);
				PRODUCT_BUNDLE_IDENTIFIER = test.tipCalculatorTests;
				PRODUCT_NAME = "$(TARGET_NAME)";
				SWIFT_VERSION = 5.0;
				TARGETED_DEVICE_FAMILY = "1,2";
				TEST_HOST = "$(BUILT_PRODUCTS_DIR)/tipCalculator.app/tipCalculator";
			};
			name = Release;
		};
		755549BB23A692D000FADA0F /* Debug */ = {
			isa = XCBuildConfiguration;
			buildSettings = {
				ALWAYS_EMBED_SWIFT_STANDARD_LIBRARIES = YES;
				CODE_SIGN_STYLE = Automatic;
				DEVELOPMENT_TEAM = MJ4DG97VKH;
				INFOPLIST_FILE = tipCalculatorUITests/Info.plist;
				LD_RUNPATH_SEARCH_PATHS = (
					"$(inherited)",
					"@executable_path/Frameworks",
					"@loader_path/Frameworks",
				);
				PRODUCT_BUNDLE_IDENTIFIER = test.tipCalculatorUITests;
				PRODUCT_NAME = "$(TARGET_NAME)";
				SWIFT_VERSION = 5.0;
				TARGETED_DEVICE_FAMILY = "1,2";
				TEST_TARGET_NAME = tipCalculator;
			};
			name = Debug;
		};
		755549BC23A692D000FADA0F /* Release */ = {
			isa = XCBuildConfiguration;
			buildSettings = {
				ALWAYS_EMBED_SWIFT_STANDARD_LIBRARIES = YES;
				CODE_SIGN_STYLE = Automatic;
				DEVELOPMENT_TEAM = MJ4DG97VKH;
				INFOPLIST_FILE = tipCalculatorUITests/Info.plist;
				LD_RUNPATH_SEARCH_PATHS = (
					"$(inherited)",
					"@executable_path/Frameworks",
					"@loader_path/Frameworks",
				);
				PRODUCT_BUNDLE_IDENTIFIER = test.tipCalculatorUITests;
				PRODUCT_NAME = "$(TARGET_NAME)";
				SWIFT_VERSION = 5.0;
				TARGETED_DEVICE_FAMILY = "1,2";
				TEST_TARGET_NAME = tipCalculator;
			};
			name = Release;
		};
/* End XCBuildConfiguration section */

/* Begin XCConfigurationList section */
		7555498523A692CF00FADA0F /* Build configuration list for PBXProject "tipCalculator" */ = {
			isa = XCConfigurationList;
			buildConfigurations = (
				755549B223A692D000FADA0F /* Debug */,
				755549B323A692D000FADA0F /* Release */,
			);
			defaultConfigurationIsVisible = 0;
			defaultConfigurationName = Release;
		};
		755549B423A692D000FADA0F /* Build configuration list for PBXNativeTarget "tipCalculator" */ = {
			isa = XCConfigurationList;
			buildConfigurations = (
				755549B523A692D000FADA0F /* Debug */,
				755549B623A692D000FADA0F /* Release */,
			);
			defaultConfigurationIsVisible = 0;
			defaultConfigurationName = Release;
		};
		755549B723A692D000FADA0F /* Build configuration list for PBXNativeTarget "tipCalculatorTests" */ = {
			isa = XCConfigurationList;
			buildConfigurations = (
				755549B823A692D000FADA0F /* Debug */,
				755549B923A692D000FADA0F /* Release */,
			);
			defaultConfigurationIsVisible = 0;
			defaultConfigurationName = Release;
		};
		755549BA23A692D000FADA0F /* Build configuration list for PBXNativeTarget "tipCalculatorUITests" */ = {
			isa = XCConfigurationList;
			buildConfigurations = (
				755549BB23A692D000FADA0F /* Debug */,
				755549BC23A692D000FADA0F /* Release */,
			);
			defaultConfigurationIsVisible = 0;
			defaultConfigurationName = Release;
		};
/* End XCConfigurationList section */
	};
	rootObject = 7555498223A692CF00FADA0F /* Project object */;
}
